// !$*UTF8*$!
{
	archiveVersion = 1;
	classes = {
	};
	objectVersion = 46;
	objects = {

/* Begin PBXBuildFile section */
		2FD4F24C1CF2379100D26C33 /* AppDelegate.swift in Sources */ = {isa = PBXBuildFile; fileRef = 2FD4F24B1CF2379100D26C33 /* AppDelegate.swift */; };
		2FD4F24E1CF2379100D26C33 /* ViewController.swift in Sources */ = {isa = PBXBuildFile; fileRef = 2FD4F24D1CF2379100D26C33 /* ViewController.swift */; };
		2FD4F2511CF2379100D26C33 /* Main.storyboard in Resources */ = {isa = PBXBuildFile; fileRef = 2FD4F24F1CF2379100D26C33 /* Main.storyboard */; };
		2FD4F2531CF2379100D26C33 /* Images.xcassets in Resources */ = {isa = PBXBuildFile; fileRef = 2FD4F2521CF2379100D26C33 /* Images.xcassets */; };
		2FD4F2561CF2379100D26C33 /* LaunchScreen.xib in Resources */ = {isa = PBXBuildFile; fileRef = 2FD4F2541CF2379100D26C33 /* LaunchScreen.xib */; };
		2FD4F2621CF2379100D26C33 /* DateMatchTests.swift in Sources */ = {isa = PBXBuildFile; fileRef = 2FD4F2611CF2379100D26C33 /* DateMatchTests.swift */; };
/* End PBXBuildFile section */

/* Begin PBXContainerItemProxy section */
		2FD4F25C1CF2379100D26C33 /* PBXContainerItemProxy */ = {
			isa = PBXContainerItemProxy;
			containerPortal = 2FD4F23E1CF2379100D26C33 /* Project object */;
			proxyType = 1;
			remoteGlobalIDString = 2FD4F2451CF2379100D26C33;
			remoteInfo = DateMatch;
		};
/* End PBXContainerItemProxy section */

/* Begin PBXFileReference section */
		2FD4F2461CF2379100D26C33 /* DateMatch.app */ = {isa = PBXFileReference; explicitFileType = wrapper.application; includeInIndex = 0; path = DateMatch.app; sourceTree = BUILT_PRODUCTS_DIR; };
		2FD4F24A1CF2379100D26C33 /* Info.plist */ = {isa = PBXFileReference; lastKnownFileType = text.plist.xml; path = Info.plist; sourceTree = "<group>"; };
		2FD4F24B1CF2379100D26C33 /* AppDelegate.swift */ = {isa = PBXFileReference; lastKnownFileType = sourcecode.swift; path = AppDelegate.swift; sourceTree = "<group>"; };
		2FD4F24D1CF2379100D26C33 /* ViewController.swift */ = {isa = PBXFileReference; lastKnownFileType = sourcecode.swift; path = ViewController.swift; sourceTree = "<group>"; };
		2FD4F2501CF2379100D26C33 /* Base */ = {isa = PBXFileReference; lastKnownFileType = file.storyboard; name = Base; path = Base.lproj/Main.storyboard; sourceTree = "<group>"; };
		2FD4F2521CF2379100D26C33 /* Images.xcassets */ = {isa = PBXFileReference; lastKnownFileType = folder.assetcatalog; path = Images.xcassets; sourceTree = "<group>"; };
		2FD4F2551CF2379100D26C33 /* Base */ = {isa = PBXFileReference; lastKnownFileType = file.xib; name = Base; path = Base.lproj/LaunchScreen.xib; sourceTree = "<group>"; };
		2FD4F25B1CF2379100D26C33 /* DateMatchTests.xctest */ = {isa = PBXFileReference; explicitFileType = wrapper.cfbundle; includeInIndex = 0; path = DateMatchTests.xctest; sourceTree = BUILT_PRODUCTS_DIR; };
		2FD4F2601CF2379100D26C33 /* Info.plist */ = {isa = PBXFileReference; lastKnownFileType = text.plist.xml; path = Info.plist; sourceTree = "<group>"; };
		2FD4F2611CF2379100D26C33 /* DateMatchTests.swift */ = {isa = PBXFileReference; lastKnownFileType = sourcecode.swift; path = DateMatchTests.swift; sourceTree = "<group>"; };
/* End PBXFileReference section */

/* Begin PBXFrameworksBuildPhase section */
		2FD4F2431CF2379100D26C33 /* Frameworks */ = {
			isa = PBXFrameworksBuildPhase;
			buildActionMask = 2147483647;
			files = (
			);
			runOnlyForDeploymentPostprocessing = 0;
		};
		2FD4F2581CF2379100D26C33 /* Frameworks */ = {
			isa = PBXFrameworksBuildPhase;
			buildActionMask = 2147483647;
			files = (
			);
			runOnlyForDeploymentPostprocessing = 0;
		};
/* End PBXFrameworksBuildPhase section */

/* Begin PBXGroup section */
		2FD4F23D1CF2379100D26C33 = {
			isa = PBXGroup;
			children = (
				2FD4F2481CF2379100D26C33 /* DateMatch */,
				2FD4F25E1CF2379100D26C33 /* DateMatchTests */,
				2FD4F2471CF2379100D26C33 /* Products */,
			);
			sourceTree = "<group>";
		};
		2FD4F2471CF2379100D26C33 /* Products */ = {
			isa = PBXGroup;
			children = (
				2FD4F2461CF2379100D26C33 /* DateMatch.app */,
				2FD4F25B1CF2379100D26C33 /* DateMatchTests.xctest */,
			);
			name = Products;
			sourceTree = "<group>";
		};
		2FD4F2481CF2379100D26C33 /* DateMatch */ = {
			isa = PBXGroup;
			children = (
				2FD4F24B1CF2379100D26C33 /* AppDelegate.swift */,
				2FD4F24D1CF2379100D26C33 /* ViewController.swift */,
				2FD4F24F1CF2379100D26C33 /* Main.storyboard */,
				2FD4F2521CF2379100D26C33 /* Images.xcassets */,
				2FD4F2541CF2379100D26C33 /* LaunchScreen.xib */,
				2FD4F2491CF2379100D26C33 /* Supporting Files */,
			);
			path = DateMatch;
			sourceTree = "<group>";
		};
		2FD4F2491CF2379100D26C33 /* Supporting Files */ = {
			isa = PBXGroup;
			children = (
				2FD4F24A1CF2379100D26C33 /* Info.plist */,
			);
			name = "Supporting Files";
			sourceTree = "<group>";
		};
		2FD4F25E1CF2379100D26C33 /* DateMatchTests */ = {
			isa = PBXGroup;
			children = (
				2FD4F2611CF2379100D26C33 /* DateMatchTests.swift */,
				2FD4F25F1CF2379100D26C33 /* Supporting Files */,
			);
			path = DateMatchTests;
			sourceTree = "<group>";
		};
		2FD4F25F1CF2379100D26C33 /* Supporting Files */ = {
			isa = PBXGroup;
			children = (
				2FD4F2601CF2379100D26C33 /* Info.plist */,
			);
			name = "Supporting Files";
			sourceTree = "<group>";
		};
/* End PBXGroup section */

/* Begin PBXNativeTarget section */
		2FD4F2451CF2379100D26C33 /* DateMatch */ = {
			isa = PBXNativeTarget;
			buildConfigurationList = 2FD4F2651CF2379100D26C33 /* Build configuration list for PBXNativeTarget "DateMatch" */;
			buildPhases = (
				2FD4F2421CF2379100D26C33 /* Sources */,
				2FD4F2431CF2379100D26C33 /* Frameworks */,
				2FD4F2441CF2379100D26C33 /* Resources */,
			);
			buildRules = (
			);
			dependencies = (
			);
			name = DateMatch;
			productName = DateMatch;
			productReference = 2FD4F2461CF2379100D26C33 /* DateMatch.app */;
			productType = "com.apple.product-type.application";
		};
		2FD4F25A1CF2379100D26C33 /* DateMatchTests */ = {
			isa = PBXNativeTarget;
			buildConfigurationList = 2FD4F2681CF2379100D26C33 /* Build configuration list for PBXNativeTarget "DateMatchTests" */;
			buildPhases = (
				2FD4F2571CF2379100D26C33 /* Sources */,
				2FD4F2581CF2379100D26C33 /* Frameworks */,
				2FD4F2591CF2379100D26C33 /* Resources */,
			);
			buildRules = (
			);
			dependencies = (
				2FD4F25D1CF2379100D26C33 /* PBXTargetDependency */,
			);
			name = DateMatchTests;
			productName = DateMatchTests;
			productReference = 2FD4F25B1CF2379100D26C33 /* DateMatchTests.xctest */;
			productType = "com.apple.product-type.bundle.unit-test";
		};
/* End PBXNativeTarget section */

/* Begin PBXProject section */
		2FD4F23E1CF2379100D26C33 /* Project object */ = {
			isa = PBXProject;
			attributes = {
				LastSwiftUpdateCheck = 0730;
				LastUpgradeCheck = 0640;
				ORGANIZATIONNAME = "Guanhua Yang";
				TargetAttributes = {
					2FD4F2451CF2379100D26C33 = {
						CreatedOnToolsVersion = 6.4;
					};
					2FD4F25A1CF2379100D26C33 = {
						CreatedOnToolsVersion = 6.4;
						TestTargetID = 2FD4F2451CF2379100D26C33;
					};
				};
			};
			buildConfigurationList = 2FD4F2411CF2379100D26C33 /* Build configuration list for PBXProject "DateMatch" */;
			compatibilityVersion = "Xcode 3.2";
			developmentRegion = English;
			hasScannedForEncodings = 0;
			knownRegions = (
				en,
				Base,
			);
			mainGroup = 2FD4F23D1CF2379100D26C33;
			productRefGroup = 2FD4F2471CF2379100D26C33 /* Products */;
			projectDirPath = "";
			projectRoot = "";
			targets = (
				2FD4F2451CF2379100D26C33 /* DateMatch */,
				2FD4F25A1CF2379100D26C33 /* DateMatchTests */,
			);
		};
/* End PBXProject section */

/* Begin PBXResourcesBuildPhase section */
		2FD4F2441CF2379100D26C33 /* Resources */ = {
			isa = PBXResourcesBuildPhase;
			buildActionMask = 2147483647;
			files = (
				2FD4F2511CF2379100D26C33 /* Main.storyboard in Resources */,
				2FD4F2561CF2379100D26C33 /* LaunchScreen.xib in Resources */,
				2FD4F2531CF2379100D26C33 /* Images.xcassets in Resources */,
			);
			runOnlyForDeploymentPostprocessing = 0;
		};
		2FD4F2591CF2379100D26C33 /* Resources */ = {
			isa = PBXResourcesBuildPhase;
			buildActionMask = 2147483647;
			files = (
			);
			runOnlyForDeploymentPostprocessing = 0;
		};
/* End PBXResourcesBuildPhase section */

/* Begin PBXSourcesBuildPhase section */
		2FD4F2421CF2379100D26C33 /* Sources */ = {
			isa = PBXSourcesBuildPhase;
			buildActionMask = 2147483647;
			files = (
				2FD4F24E1CF2379100D26C33 /* ViewController.swift in Sources */,
				2FD4F24C1CF2379100D26C33 /* AppDelegate.swift in Sources */,
			);
			runOnlyForDeploymentPostprocessing = 0;
		};
		2FD4F2571CF2379100D26C33 /* Sources */ = {
			isa = PBXSourcesBuildPhase;
			buildActionMask = 2147483647;
			files = (
				2FD4F2621CF2379100D26C33 /* DateMatchTests.swift in Sources */,
			);
			runOnlyForDeploymentPostprocessing = 0;
		};
/* End PBXSourcesBuildPhase section */

/* Begin PBXTargetDependency section */
		2FD4F25D1CF2379100D26C33 /* PBXTargetDependency */ = {
			isa = PBXTargetDependency;
			target = 2FD4F2451CF2379100D26C33 /* DateMatch */;
			targetProxy = 2FD4F25C1CF2379100D26C33 /* PBXContainerItemProxy */;
		};
/* End PBXTargetDependency section */

/* Begin PBXVariantGroup section */
		2FD4F24F1CF2379100D26C33 /* Main.storyboard */ = {
			isa = PBXVariantGroup;
			children = (
				2FD4F2501CF2379100D26C33 /* Base */,
			);
			name = Main.storyboard;
			sourceTree = "<group>";
		};
		2FD4F2541CF2379100D26C33 /* LaunchScreen.xib */ = {
			isa = PBXVariantGroup;
			children = (
				2FD4F2551CF2379100D26C33 /* Base */,
			);
			name = LaunchScreen.xib;
			sourceTree = "<group>";
		};
/* End PBXVariantGroup section */

/* Begin XCBuildConfiguration section */
		2FD4F2631CF2379100D26C33 /* Debug */ = {
			isa = XCBuildConfiguration;
			buildSettings = {
				ALWAYS_SEARCH_USER_PATHS = NO;
				CLANG_CXX_LANGUAGE_STANDARD = "gnu++0x";
				CLANG_CXX_LIBRARY = "libc++";
				CLANG_ENABLE_MODULES = YES;
				CLANG_ENABLE_OBJC_ARC = YES;
				CLANG_WARN_BOOL_CONVERSION = YES;
				CLANG_WARN_CONSTANT_CONVERSION = YES;
				CLANG_WARN_DIRECT_OBJC_ISA_USAGE = YES_ERROR;
				CLANG_WARN_EMPTY_BODY = YES;
				CLANG_WARN_ENUM_CONVERSION = YES;
				CLANG_WARN_INT_CONVERSION = YES;
				CLANG_WARN_OBJC_ROOT_CLASS = YES_ERROR;
				CLANG_WARN_UNREACHABLE_CODE = YES;
				CLANG_WARN__DUPLICATE_METHOD_MATCH = YES;
				"CODE_SIGN_IDENTITY[sdk=iphoneos*]" = "iPhone Developer";
				COPY_PHASE_STRIP = NO;
				DEBUG_INFORMATION_FORMAT = "dwarf-with-dsym";
				ENABLE_STRICT_OBJC_MSGSEND = YES;
				GCC_C_LANGUAGE_STANDARD = gnu99;
				GCC_DYNAMIC_NO_PIC = NO;
				GCC_NO_COMMON_BLOCKS = YES;
				GCC_OPTIMIZATION_LEVEL = 0;
				GCC_PREPROCESSOR_DEFINITIONS = (
					"DEBUG=1",
					"$(inherited)",
				);
				GCC_SYMBOLS_PRIVATE_EXTERN = NO;
				GCC_WARN_64_TO_32_BIT_CONVERSION = YES;
				GCC_WARN_ABOUT_RETURN_TYPE = YES_ERROR;
				GCC_WARN_UNDECLARED_SELECTOR = YES;
				GCC_WARN_UNINITIALIZED_AUTOS = YES_AGGRESSIVE;
				GCC_WARN_UNUSED_FUNCTION = YES;
				GCC_WARN_UNUSED_VARIABLE = YES;
				IPHONEOS_DEPLOYMENT_TARGET = 8.4;
				MTL_ENABLE_DEBUG_INFO = YES;
				ONLY_ACTIVE_ARCH = YES;
				SDKROOT = iphoneos;
				SWIFT_OPTIMIZATION_LEVEL = "-Onone";
				TARGETED_DEVICE_FAMILY = "1,2";
			};
			name = Debug;
		};
		2FD4F2641CF2379100D26C33 /* Release */ = {
			isa = XCBuildConfiguration;
			buildSettings = {
				ALWAYS_SEARCH_USER_PATHS = NO;
				CLANG_CXX_LANGUAGE_STANDARD = "gnu++0x";
				CLANG_CXX_LIBRARY = "libc++";
				CLANG_ENABLE_MODULES = YES;
				CLANG_ENABLE_OBJC_ARC = YES;
				CLANG_WARN_BOOL_CONVERSION = YES;
				CLANG_WARN_CONSTANT_CONVERSION = YES;
				CLANG_WARN_DIRECT_OBJC_ISA_USAGE = YES_ERROR;
				CLANG_WARN_EMPTY_BODY = YES;
				CLANG_WARN_ENUM_CONVERSION = YES;
				CLANG_WARN_INT_CONVERSION = YES;
				CLANG_WARN_OBJC_ROOT_CLASS = YES_ERROR;
				CLANG_WARN_UNREACHABLE_CODE = YES;
				CLANG_WARN__DUPLICATE_METHOD_MATCH = YES;
				"CODE_SIGN_IDENTITY[sdk=iphoneos*]" = "iPhone Developer";
				COPY_PHASE_STRIP = NO;
				DEBUG_INFORMATION_FORMAT = "dwarf-with-dsym";
				ENABLE_NS_ASSERTIONS = NO;
				ENABLE_STRICT_OBJC_MSGSEND = YES;
				GCC_C_LANGUAGE_STANDARD = gnu99;
				GCC_NO_COMMON_BLOCKS = YES;
				GCC_WARN_64_TO_32_BIT_CONVERSION = YES;
				GCC_WARN_ABOUT_RETURN_TYPE = YES_ERROR;
				GCC_WARN_UNDECLARED_SELECTOR = YES;
				GCC_WARN_UNINITIALIZED_AUTOS = YES_AGGRESSIVE;
				GCC_WARN_UNUSED_FUNCTION = YES;
				GCC_WARN_UNUSED_VARIABLE = YES;
				IPHONEOS_DEPLOYMENT_TARGET = 8.4;
				MTL_ENABLE_DEBUG_INFO = NO;
				SDKROOT = iphoneos;
				TARGETED_DEVICE_FAMILY = "1,2";
				VALIDATE_PRODUCT = YES;
			};
			name = Release;
		};
		2FD4F2661CF2379100D26C33 /* Debug */ = {
			isa = XCBuildConfiguration;
			buildSettings = {
				ASSETCATALOG_COMPILER_APPICON_NAME = AppIcon;
				INFOPLIST_FILE = DateMatch/Info.plist;
				LD_RUNPATH_SEARCH_PATHS = "$(inherited) @executable_path/Frameworks";
				PRODUCT_NAME = "$(TARGET_NAME)";
				TARGETED_DEVICE_FAMILY = 1;
			};
			name = Debug;
		};
		2FD4F2671CF2379100D26C33 /* Release */ = {
			isa = XCBuildConfiguration;
			buildSettings = {
				ASSETCATALOG_COMPILER_APPICON_NAME = AppIcon;
				INFOPLIST_FILE = DateMatch/Info.plist;
				LD_RUNPATH_SEARCH_PATHS = "$(inherited) @executable_path/Frameworks";
				PRODUCT_NAME = "$(TARGET_NAME)";
				TARGETED_DEVICE_FAMILY = 1;
			};
			name = Release;
		};
		2FD4F2691CF2379100D26C33 /* Debug */ = {
			isa = XCBuildConfiguration;
			buildSettings = {
				BUNDLE_LOADER = "$(TEST_HOST)";
				FRAMEWORK_SEARCH_PATHS = (
					"$(SDKROOT)/Developer/Library/Frameworks",
					"$(inherited)",
				);
				GCC_PREPROCESSOR_DEFINITIONS = (
					"DEBUG=1",
					"$(inherited)",
				);
				INFOPLIST_FILE = DateMatchTests/Info.plist;
				LD_RUNPATH_SEARCH_PATHS = "$(inherited) @executable_path/Frameworks @loader_path/Frameworks";
				PRODUCT_NAME = "$(TARGET_NAME)";
				TEST_HOST = "$(BUILT_PRODUCTS_DIR)/DateMatch.app/DateMatch";
			};
			name = Debug;
		};
		2FD4F26A1CF2379100D26C33 /* Release */ = {
			isa = XCBuildConfiguration;
			buildSettings = {
				BUNDLE_LOADER = "$(TEST_HOST)";
				FRAMEWORK_SEARCH_PATHS = (
					"$(SDKROOT)/Developer/Library/Frameworks",
					"$(inherited)",
				);
				INFOPLIST_FILE = DateMatchTests/Info.plist;
				LD_RUNPATH_SEARCH_PATHS = "$(inherited) @executable_path/Frameworks @loader_path/Frameworks";
				PRODUCT_NAME = "$(TARGET_NAME)";
				TEST_HOST = "$(BUILT_PRODUCTS_DIR)/DateMatch.app/DateMatch";
			};
			name = Release;
		};
/* End XCBuildConfiguration section */

/* Begin XCConfigurationList section */
		2FD4F2411CF2379100D26C33 /* Build configuration list for PBXProject "DateMatch" */ = {
			isa = XCConfigurationList;
			buildConfigurations = (
				2FD4F2631CF2379100D26C33 /* Debug */,
				2FD4F2641CF2379100D26C33 /* Release */,
			);
			defaultConfigurationIsVisible = 0;
			defaultConfigurationName = Release;
		};
		2FD4F2651CF2379100D26C33 /* Build configuration list for PBXNativeTarget "DateMatch" */ = {
			isa = XCConfigurationList;
			buildConfigurations = (
				2FD4F2661CF2379100D26C33 /* Debug */,
				2FD4F2671CF2379100D26C33 /* Release */,
			);
			defaultConfigurationIsVisible = 0;
			defaultConfigurationName = Release;
		};
		2FD4F2681CF2379100D26C33 /* Build configuration list for PBXNativeTarget "DateMatchTests" */ = {
			isa = XCConfigurationList;
			buildConfigurations = (
				2FD4F2691CF2379100D26C33 /* Debug */,
				2FD4F26A1CF2379100D26C33 /* Release */,
			);
			defaultConfigurationIsVisible = 0;
			defaultConfigurationName = Release;
		};
/* End XCConfigurationList section */
	};
	rootObject = 2FD4F23E1CF2379100D26C33 /* Project object */;
}
